
Microsoft Visual Studio Solution File, Format Version 12.00
# Visual Studio Version 16
VisualStudioVersion = 16.0.30320.27
MinimumVisualStudioVersion = 10.0.40219.1
Project("{FAE04EC0-301F-11D3-BF4B-00C04F79EFBC}") = "yoketoruvs20", "yoketoruvs20\yoketoruvs20.csproj", "{81618BD2-412A-4A92-95CF-EEA8DCB9965C}"
EndProject
Global
	GlobalSection(SolutionConfigurationPlatforms) = preSolution
		Debug|Any CPU = Debug|Any CPU
		Release|Any CPU = Release|Any CPU
	EndGlobalSection
	GlobalSection(ProjectConfigurationPlatforms) = postSolution
		{81618BD2-412A-4A92-95CF-EEA8DCB9965C}.Debug|Any CPU.ActiveCfg = Debug|Any CPU
		{81618BD2-412A-4A92-95CF-EEA8DCB9965C}.Debug|Any CPU.Build.0 = Debug|Any CPU
		{81618BD2-412A-4A92-95CF-EEA8DCB9965C}.Release|Any CPU.ActiveCfg = Release|Any CPU
		{81618BD2-412A-4A92-95CF-EEA8DCB9965C}.Release|Any CPU.Build.0 = Release|Any CPU
	EndGlobalSection
	GlobalSection(SolutionProperties) = preSolution
		HideSolutionNode = FALSE
	EndGlobalSection
	GlobalSection(ExtensibilityGlobals) = postSolution
		SolutionGuid = {E719892F-8A00-490C-888C-5138142A6F51}
	EndGlobalSection
EndGlobal
